
Microsoft Visual Studio Solution File, Format Version 12.00
# Visual Studio 15
VisualStudioVersion = 15.0.27130.2010
MinimumVisualStudioVersion = 10.0.40219.1
Project("{FAE04EC0-301F-11D3-BF4B-00C04F79EFBC}") = "PPOkCharges", "PPOkCharges\PPOkCharges.csproj", "{A72ECFCB-7529-459B-B07C-4BF083ADE69C}"
EndProject
Global
	GlobalSection(SolutionConfigurationPlatforms) = preSolution
		Debug|Any CPU = Debug|Any CPU
		Release|Any CPU = Release|Any CPU
	EndGlobalSection
	GlobalSection(ProjectConfigurationPlatforms) = postSolution
		{A72ECFCB-7529-459B-B07C-4BF083ADE69C}.Debug|Any CPU.ActiveCfg = Debug|Any CPU
		{A72ECFCB-7529-459B-B07C-4BF083ADE69C}.Debug|Any CPU.Build.0 = Debug|Any CPU
		{A72ECFCB-7529-459B-B07C-4BF083ADE69C}.Release|Any CPU.ActiveCfg = Release|Any CPU
		{A72ECFCB-7529-459B-B07C-4BF083ADE69C}.Release|Any CPU.Build.0 = Release|Any CPU
	EndGlobalSection
	GlobalSection(SolutionProperties) = preSolution
		HideSolutionNode = FALSE
	EndGlobalSection
	GlobalSection(ExtensibilityGlobals) = postSolution
		SolutionGuid = {B57DFC46-7D93-4E24-85CF-C724601AED89}
	EndGlobalSection
EndGlobal
